{
  "version": 4,
  "terraform_version": "1.6.0",
  "serial": 9,
  "lineage": "43a3213a-3cdb-b811-c9be-cdd18790c9ef",
  "outputs": {},
  "resources": [
    {
      "mode": "managed",
      "type": "google_folder",
      "name": "Desenvolvimento",
      "provider": "provider[\"registry.terraform.io/hashicorp/google\"]",
      "instances": [
        {
          "schema_version": 0,
          "attributes": {
            "create_time": "2023-10-10T20:21:18.481Z",
            "display_name": "Desenvolvimento",
            "folder_id": "1076423647956",
            "id": "folders/1076423647956",
            "lifecycle_state": "ACTIVE",
            "name": "folders/1076423647956",
            "parent": "folders/121445704052",
            "timeouts": null
          },
          "sensitive_attributes": [],
          "private": "eyJlMmJmYjczMC1lY2FhLTExZTYtOGY4OC0zNDM2M2JjN2M0YzAiOnsiY3JlYXRlIjoyNDAwMDAwMDAwMDAsImRlbGV0ZSI6MjQwMDAwMDAwMDAwLCJyZWFkIjoyNDAwMDAwMDAwMDAsInVwZGF0ZSI6MjQwMDAwMDAwMDAwfX0=",
          "dependencies": [
            "google_folder.Financeiro",
            "google_folder.Salesforce"
          ]
        }
      ]
    },
    {
      "mode": "managed",
      "type": "google_folder",
      "name": "Financeiro",
      "provider": "provider[\"registry.terraform.io/hashicorp/google\"]",
      "instances": [
        {
          "schema_version": 0,
          "attributes": {
            "create_time": "2023-10-10T20:20:51.702Z",
            "display_name": "Financeiro",
            "folder_id": "583351497585",
            "id": "folders/583351497585",
            "lifecycle_state": "ACTIVE",
            "name": "folders/583351497585",
            "parent": "organizations/751207485742",
            "timeouts": null
          },
          "sensitive_attributes": [],
          "private": "eyJlMmJmYjczMC1lY2FhLTExZTYtOGY4OC0zNDM2M2JjN2M0YzAiOnsiY3JlYXRlIjoyNDAwMDAwMDAwMDAsImRlbGV0ZSI6MjQwMDAwMDAwMDAwLCJyZWFkIjoyNDAwMDAwMDAwMDAsInVwZGF0ZSI6MjQwMDAwMDAwMDAwfX0="
        }
      ]
    },
    {
      "mode": "managed",
      "type": "google_folder",
      "name": "Producao",
      "provider": "provider[\"registry.terraform.io/hashicorp/google\"]",
      "instances": [
        {
          "schema_version": 0,
          "attributes": {
            "create_time": "2023-10-10T20:21:19.213Z",
            "display_name": "Producao",
            "folder_id": "366453050994",
            "id": "folders/366453050994",
            "lifecycle_state": "ACTIVE",
            "name": "folders/366453050994",
            "parent": "folders/121445704052",
            "timeouts": null
          },
          "sensitive_attributes": [],
          "private": "eyJlMmJmYjczMC1lY2FhLTExZTYtOGY4OC0zNDM2M2JjN2M0YzAiOnsiY3JlYXRlIjoyNDAwMDAwMDAwMDAsImRlbGV0ZSI6MjQwMDAwMDAwMDAwLCJyZWFkIjoyNDAwMDAwMDAwMDAsInVwZGF0ZSI6MjQwMDAwMDAwMDAwfX0=",
          "dependencies": [
            "google_folder.Financeiro",
            "google_folder.Salesforce"
          ]
        }
      ]
    },
    {
      "mode": "managed",
      "type": "google_folder",
      "name": "Salesforce",
      "provider": "provider[\"registry.terraform.io/hashicorp/google\"]",
      "instances": [
        {
          "schema_version": 0,
          "attributes": {
            "create_time": "2023-10-10T20:21:05.304Z",
            "display_name": "Salesforce",
            "folder_id": "121445704052",
            "id": "folders/121445704052",
            "lifecycle_state": "ACTIVE",
            "name": "folders/121445704052",
            "parent": "folders/583351497585",
            "timeouts": null
          },
          "sensitive_attributes": [],
          "private": "eyJlMmJmYjczMC1lY2FhLTExZTYtOGY4OC0zNDM2M2JjN2M0YzAiOnsiY3JlYXRlIjoyNDAwMDAwMDAwMDAsImRlbGV0ZSI6MjQwMDAwMDAwMDAwLCJyZWFkIjoyNDAwMDAwMDAwMDAsInVwZGF0ZSI6MjQwMDAwMDAwMDAwfX0=",
          "dependencies": [
            "google_folder.Financeiro"
          ]
        }
      ]
    },
    {
      "mode": "managed",
      "type": "google_project",
      "name": "rvm-salesforce-dev",
      "provider": "provider[\"registry.terraform.io/hashicorp/google\"]",
      "instances": [
        {
          "schema_version": 1,
          "attributes": {
            "auto_create_network": false,
            "billing_account": "01C2E1-3F5033-7A50EC",
            "effective_labels": {},
            "folder_id": "1076423647956",
            "id": "projects/rvm-salesforce-dev",
            "labels": null,
            "name": "Salesforce-Dev",
            "number": "469983154089",
            "org_id": "",
            "project_id": "rvm-salesforce-dev",
            "skip_delete": null,
            "terraform_labels": {},
            "timeouts": null
          },
          "sensitive_attributes": [],
          "private": "eyJlMmJmYjczMC1lY2FhLTExZTYtOGY4OC0zNDM2M2JjN2M0YzAiOnsiY3JlYXRlIjo2MDAwMDAwMDAwMDAsImRlbGV0ZSI6NjAwMDAwMDAwMDAwLCJyZWFkIjo2MDAwMDAwMDAwMDAsInVwZGF0ZSI6NjAwMDAwMDAwMDAwfSwic2NoZW1hX3ZlcnNpb24iOiIxIn0=",
          "dependencies": [
            "google_folder.Desenvolvimento",
            "google_folder.Financeiro",
            "google_folder.Salesforce"
          ]
        }
      ]
    }
  ],
  "check_results": null
}
